{
  "name": "recomendationlist",
  "version": "0.0.0",
  "lockfileVersion": 1,
  "requires": true,
  "dependencies": {
    "@esbuild/linux-loong64": {
      "version": "0.15.7",
      "resolved": "https://rb-artifactory.bosch.com:443/artifactory/api/npm/npm-repo/@esbuild/linux-loong64/-/linux-loong64-0.15.7.tgz",
      "integrity": "sha1-HsSvShbFVMvUAsxVfM3YdOP3vlM=",
      "dev": true,
      "optional": true
    },
    "@jridgewell/resolve-uri": {
      "version": "3.1.0",
      "resolved": "https://rb-artifactory.bosch.com:443/artifactory/api/npm/npm-repo/@jridgewell/resolve-uri/-/resolve-uri-3.1.0.tgz",
      "integrity": "sha1-IgOxGMFXchrd/mnUe3BGVGMGbXg=",
      "dev": true
    },
    "@jridgewell/sourcemap-codec": {
      "version": "1.4.14",
      "resolved": "https://rb-artifactory.bosch.com:443/artifactory/api/npm/npm-repo/@jridgewell/sourcemap-codec/-/sourcemap-codec-1.4.14.tgz",
      "integrity": "sha1-rdTJjTQUcqKJGQtCTvvbCWmRuyQ=",
      "dev": true
    },
    "@jridgewell/trace-mapping": {
      "version": "0.3.15",
      "resolved": "https://rb-artifactory.bosch.com:443/artifactory/api/npm/npm-repo/@jridgewell/trace-mapping/-/trace-mapping-0.3.15.tgz",
      "integrity": "sha1-q6NcSKONP9hLN+ZsnAQj+XRPl3Q=",
      "dev": true,
      "requires": {
        "@jridgewell/resolve-uri": "^3.0.3",
        "@jridgewell/sourcemap-codec": "^1.4.10"
      }
    },
    "@nodelib/fs.scandir": {
      "version": "2.1.5",
      "resolved": "https://rb-artifactory.bosch.com:443/artifactory/api/npm/npm-repo/@nodelib/fs.scandir/-/fs.scandir-2.1.5.tgz",
      "integrity": "sha1-dhnC6yGyVIP20WdUi0z9WnSIw9U=",
      "dev": true,
      "requires": {
        "@nodelib/fs.stat": "2.0.5",
        "run-parallel": "^1.1.9"
      }
    },
    "@nodelib/fs.stat": {
      "version": "2.0.5",
      "resolved": "https://rb-artifactory.bosch.com:443/artifactory/api/npm/npm-repo/@nodelib/fs.stat/-/fs.stat-2.0.5.tgz",
      "integrity": "sha1-W9Jir5Tp0lvR5xsF3u1Eh2oiLos=",
      "dev": true
    },
    "@nodelib/fs.walk": {
      "version": "1.2.8",
      "resolved": "https://rb-artifactory.bosch.com:443/artifactory/api/npm/npm-repo/@nodelib/fs.walk/-/fs.walk-1.2.8.tgz",
      "integrity": "sha1-6Vc36LtnRt3t9pxVaVNJTxlv5po=",
      "dev": true,
      "requires": {
        "@nodelib/fs.scandir": "2.1.5",
        "fastq": "^1.6.0"
      }
    },
    "@rollup/pluginutils": {
      "version": "4.2.1",
      "resolved": "https://rb-artifactory.bosch.com:443/artifactory/api/npm/npm-repo/@rollup/pluginutils/-/pluginutils-4.2.1.tgz",
      "integrity": "sha1-5sbDq6B0Ttzj+yB0ki03dsCvKm0=",
      "dev": true,
      "requires": {
        "estree-walker": "^2.0.1",
        "picomatch": "^2.2.2"
      }
    },
    "@sveltejs/vite-plugin-svelte": {
      "version": "1.0.5",
      "resolved": "https://rb-artifactory.bosch.com:443/artifactory/api/npm/npm-repo/@sveltejs/vite-plugin-svelte/-/vite-plugin-svelte-1.0.5.tgz",
      "integrity": "sha1-CAlVQVyD9RkGt/TUG9aOSHyCyk4=",
      "dev": true,
      "requires": {
        "@rollup/pluginutils": "^4.2.1",
        "debug": "^4.3.4",
        "deepmerge": "^4.2.2",
        "kleur": "^4.1.5",
        "magic-string": "^0.26.3",
        "svelte-hmr": "^0.14.12"
      }
    },
    "@tsconfig/svelte": {
      "version": "3.0.0",
      "resolved": "https://rb-artifactory.bosch.com:443/artifactory/api/npm/npm-repo/@tsconfig/svelte/-/svelte-3.0.0.tgz",
      "integrity": "sha1-sG4FkgnwTEFN4AafLw4nltl5/G8=",
      "dev": true
    },
    "@types/node": {
      "version": "18.7.16",
      "resolved": "https://rb-artifactory.bosch.com:443/artifactory/api/npm/npm-repo/@types/node/-/node-18.7.16.tgz",
      "integrity": "sha1-DrPM4eN8eWGZQ9L9kDkZ/DCFBgE=",
      "dev": true
    },
    "@types/pug": {
      "version": "2.0.6",
      "resolved": "https://rb-artifactory.bosch.com:443/artifactory/api/npm/npm-repo/@types/pug/-/pug-2.0.6.tgz",
      "integrity": "sha1-+DAyPIgXLmaCbQveQTSYthBUtaY=",
      "dev": true
    },
    "@types/sass": {
      "version": "1.43.1",
      "resolved": "https://rb-artifactory.bosch.com:443/artifactory/api/npm/npm-repo/@types/sass/-/sass-1.43.1.tgz",
      "integrity": "sha1-hrsBaOnogdfa3m66FsntbSXcL2g=",
      "dev": true,
      "requires": {
        "@types/node": "*"
      }
    },
    "anymatch": {
      "version": "3.1.2",
      "resolved": "https://rb-artifactory.bosch.com:443/artifactory/api/npm/npm-repo/anymatch/-/anymatch-3.1.2.tgz",
      "integrity": "sha1-wFV8CWrzLxBhmPT04qODU343hxY=",
      "dev": true,
      "requires": {
        "normalize-path": "^3.0.0",
        "picomatch": "^2.0.4"
      }
    },
    "balanced-match": {
      "version": "1.0.2",
      "resolved": "https://rb-artifactory.bosch.com:443/artifactory/api/npm/npm-repo/balanced-match/-/balanced-match-1.0.2.tgz",
      "integrity": "sha1-6D46fj8wCzTLnYf2FfoMvzV2kO4=",
      "dev": true
    },
    "binary-extensions": {
      "version": "2.2.0",
      "resolved": "https://rb-artifactory.bosch.com:443/artifactory/api/npm/npm-repo/binary-extensions/-/binary-extensions-2.2.0.tgz",
      "integrity": "sha1-dfUC7q+f/eQvyYgpZFvk6na9ni0=",
      "dev": true
    },
    "brace-expansion": {
      "version": "1.1.11",
      "resolved": "https://rb-artifactory.bosch.com:443/artifactory/api/npm/npm-repo/brace-expansion/-/brace-expansion-1.1.11.tgz",
      "integrity": "sha1-PH/L9SnYcibz0vUrlm/1Jx60Qd0=",
      "dev": true,
      "requires": {
        "balanced-match": "^1.0.0",
        "concat-map": "0.0.1"
      }
    },
    "braces": {
      "version": "3.0.2",
      "resolved": "https://rb-artifactory.bosch.com:443/artifactory/api/npm/npm-repo/braces/-/braces-3.0.2.tgz",
      "integrity": "sha1-NFThpGLujVmeI23zNs2epPiv4Qc=",
      "dev": true,
      "requires": {
        "fill-range": "^7.0.1"
      }
    },
    "buffer-crc32": {
      "version": "0.2.13",
      "resolved": "https://rb-artifactory.bosch.com:443/artifactory/api/npm/npm-repo/buffer-crc32/-/buffer-crc32-0.2.13.tgz",
      "integrity": "sha1-DTM+PwDqxQqhRUq9MO+MKl2ackI=",
      "dev": true
    },
    "callsites": {
      "version": "3.1.0",
      "resolved": "https://rb-artifactory.bosch.com:443/artifactory/api/npm/npm-repo/callsites/-/callsites-3.1.0.tgz",
      "integrity": "sha1-s2MKvYlDQy9Us/BRkjjjPNffL3M=",
      "dev": true
    },
    "chokidar": {
      "version": "3.5.3",
      "resolved": "https://rb-artifactory.bosch.com:443/artifactory/api/npm/npm-repo/chokidar/-/chokidar-3.5.3.tgz",
      "integrity": "sha1-HPN8hwe5Mr0a8a4iwEMuKs0ZA70=",
      "dev": true,
      "requires": {
        "anymatch": "~3.1.2",
        "braces": "~3.0.2",
        "fsevents": "~2.3.2",
        "glob-parent": "~5.1.2",
        "is-binary-path": "~2.1.0",
        "is-glob": "~4.0.1",
        "normalize-path": "~3.0.0",
        "readdirp": "~3.6.0"
      }
    },
    "concat-map": {
      "version": "0.0.1",
      "resolved": "https://rb-artifactory.bosch.com:443/artifactory/api/npm/npm-repo/concat-map/-/concat-map-0.0.1.tgz",
      "integrity": "sha1-2Klr13/Wjfd5OnMDajug1UBdR3s=",
      "dev": true
    },
    "debug": {
      "version": "4.3.4",
      "resolved": "https://rb-artifactory.bosch.com:443/artifactory/api/npm/npm-repo/debug/-/debug-4.3.4.tgz",
      "integrity": "sha1-Exn2V5NX8jONMzfSzdSRS7XcyGU=",
      "dev": true,
      "requires": {
        "ms": "2.1.2"
      }
    },
    "dedent-js": {
      "version": "1.0.1",
      "resolved": "https://rb-artifactory.bosch.com:443/artifactory/api/npm/npm-repo/dedent-js/-/dedent-js-1.0.1.tgz",
      "integrity": "sha1-vuX7fJ5yfYXf+iRZDRDsGrElUwU="
    },
    "deepmerge": {
      "version": "4.2.2",
      "resolved": "https://rb-artifactory.bosch.com:443/artifactory/api/npm/npm-repo/deepmerge/-/deepmerge-4.2.2.tgz",
      "integrity": "sha1-RNLqNnm49NT/ujPwPYZfwee/SVU=",
      "dev": true
    },
    "detect-indent": {
      "version": "6.1.0",
      "resolved": "https://rb-artifactory.bosch.com:443/artifactory/api/npm/npm-repo/detect-indent/-/detect-indent-6.1.0.tgz",
      "integrity": "sha1-WSSF67v2s7GrK+F1yDk9BMoNV+Y=",
      "dev": true
    },
    "es6-promise": {
      "version": "3.3.1",
      "resolved": "https://rb-artifactory.bosch.com:443/artifactory/api/npm/npm-repo/es6-promise/-/es6-promise-3.3.1.tgz",
      "integrity": "sha1-oIzd6EzNvzTQJ6FFG8kdS80ophM=",
      "dev": true
    },
    "esbuild": {
      "version": "0.15.7",
      "resolved": "https://rb-artifactory.bosch.com:443/artifactory/api/npm/npm-repo/esbuild/-/esbuild-0.15.7.tgz",
      "integrity": "sha1-ih8a/1hnGjGZ3STflTFBIvwd3ug=",
      "dev": true,
      "requires": {
        "@esbuild/linux-loong64": "0.15.7",
        "esbuild-android-64": "0.15.7",
        "esbuild-android-arm64": "0.15.7",
        "esbuild-darwin-64": "0.15.7",
        "esbuild-darwin-arm64": "0.15.7",
        "esbuild-freebsd-64": "0.15.7",
        "esbuild-freebsd-arm64": "0.15.7",
        "esbuild-linux-32": "0.15.7",
        "esbuild-linux-64": "0.15.7",
        "esbuild-linux-arm": "0.15.7",
        "esbuild-linux-arm64": "0.15.7",
        "esbuild-linux-mips64le": "0.15.7",
        "esbuild-linux-ppc64le": "0.15.7",
        "esbuild-linux-riscv64": "0.15.7",
        "esbuild-linux-s390x": "0.15.7",
        "esbuild-netbsd-64": "0.15.7",
        "esbuild-openbsd-64": "0.15.7",
        "esbuild-sunos-64": "0.15.7",
        "esbuild-windows-32": "0.15.7",
        "esbuild-windows-64": "0.15.7",
        "esbuild-windows-arm64": "0.15.7"
      }
    },
    "esbuild-android-64": {
      "version": "0.15.7",
      "resolved": "https://rb-artifactory.bosch.com:443/artifactory/api/npm/npm-repo/esbuild-android-64/-/esbuild-android-64-0.15.7.tgz",
      "integrity": "sha1-pSFgTYxMa+/Hr/7ciX34zN4Ym+o=",
      "dev": true,
      "optional": true
    },
    "esbuild-android-arm64": {
      "version": "0.15.7",
      "resolved": "https://rb-artifactory.bosch.com:443/artifactory/api/npm/npm-repo/esbuild-android-arm64/-/esbuild-android-arm64-0.15.7.tgz",
      "integrity": "sha1-MHuB8QiL8egd/l89HWOi0qLj5o4=",
      "dev": true,
      "optional": true
    },
    "esbuild-darwin-64": {
      "version": "0.15.7",
      "resolved": "https://rb-artifactory.bosch.com:443/artifactory/api/npm/npm-repo/esbuild-darwin-64/-/esbuild-darwin-64-0.15.7.tgz",
      "integrity": "sha1-JwEXsMTsa8vFzzopen0RlU8AfhE=",
      "dev": true,
      "optional": true
    },
    "esbuild-darwin-arm64": {
      "version": "0.15.7",
      "resolved": "https://rb-artifactory.bosch.com:443/artifactory/api/npm/npm-repo/esbuild-darwin-arm64/-/esbuild-darwin-arm64-0.15.7.tgz",
      "integrity": "sha1-l4UerNEdrLdxlxNgLjMZ4WIC/Hc=",
      "dev": true,
      "optional": true
    },
    "esbuild-freebsd-64": {
      "version": "0.15.7",
      "resolved": "https://rb-artifactory.bosch.com:443/artifactory/api/npm/npm-repo/esbuild-freebsd-64/-/esbuild-freebsd-64-0.15.7.tgz",
      "integrity": "sha1-HeFf+vWukWqpJYAKptAleZYN2MQ=",
      "dev": true,
      "optional": true
    },
    "esbuild-freebsd-arm64": {
      "version": "0.15.7",
      "resolved": "https://rb-artifactory.bosch.com:443/artifactory/api/npm/npm-repo/esbuild-freebsd-arm64/-/esbuild-freebsd-arm64-0.15.7.tgz",
      "integrity": "sha1-DxYNv1yaMaHY3Yesu8saBLcDFZQ=",
      "dev": true,
      "optional": true
    },
    "esbuild-linux-32": {
      "version": "0.15.7",
      "resolved": "https://rb-artifactory.bosch.com:443/artifactory/api/npm/npm-repo/esbuild-linux-32/-/esbuild-linux-32-0.15.7.tgz",
      "integrity": "sha1-Qi64UzcKXkC9zos5UlOA3hHMrew=",
      "dev": true,
      "optional": true
    },
    "esbuild-linux-64": {
      "version": "0.15.7",
      "resolved": "https://rb-artifactory.bosch.com:443/artifactory/api/npm/npm-repo/esbuild-linux-64/-/esbuild-linux-64-0.15.7.tgz",
      "integrity": "sha1-+JxGhFO7MZSxTxncMuC5lhLoHSs=",
      "dev": true,
      "optional": true
    },
    "esbuild-linux-arm": {
      "version": "0.15.7",
      "resolved": "https://rb-artifactory.bosch.com:443/artifactory/api/npm/npm-repo/esbuild-linux-arm/-/esbuild-linux-arm-0.15.7.tgz",
      "integrity": "sha1-K3x4TQszOYeAE9+oK/Xq+Cx859M=",
      "dev": true,
      "optional": true
    },
    "esbuild-linux-arm64": {
      "version": "0.15.7",
      "resolved": "https://rb-artifactory.bosch.com:443/artifactory/api/npm/npm-repo/esbuild-linux-arm64/-/esbuild-linux-arm64-0.15.7.tgz",
      "integrity": "sha1-aKedbrXgMu+5FooPNAzP0z1jUKE=",
      "dev": true,
      "optional": true
    },
    "esbuild-linux-mips64le": {
      "version": "0.15.7",
      "resolved": "https://rb-artifactory.bosch.com:443/artifactory/api/npm/npm-repo/esbuild-linux-mips64le/-/esbuild-linux-mips64le-0.15.7.tgz",
      "integrity": "sha1-u4MwpQsUqoRnOBbLY8xsi5vrYsw=",
      "dev": true,
      "optional": true
    },
    "esbuild-linux-ppc64le": {
      "version": "0.15.7",
      "resolved": "https://rb-artifactory.bosch.com:443/artifactory/api/npm/npm-repo/esbuild-linux-ppc64le/-/esbuild-linux-ppc64le-0.15.7.tgz",
      "integrity": "sha1-UlROf6mSgR65lmdAkNC8QfBnoUs=",
      "dev": true,
      "optional": true
    },
    "esbuild-linux-riscv64": {
      "version": "0.15.7",
      "resolved": "https://rb-artifactory.bosch.com:443/artifactory/api/npm/npm-repo/esbuild-linux-riscv64/-/esbuild-linux-riscv64-0.15.7.tgz",
      "integrity": "sha1-pDrmBpeZK5V+RUy7Yi9+5Sl+gVk=",
      "dev": true,
      "optional": true
    },
    "esbuild-linux-s390x": {
      "version": "0.15.7",
      "resolved": "https://rb-artifactory.bosch.com:443/artifactory/api/npm/npm-repo/esbuild-linux-s390x/-/esbuild-linux-s390x-0.15.7.tgz",
      "integrity": "sha1-jHahJd0QqEwWYpTXdBbKr14ce2Q=",
      "dev": true,
      "optional": true
    },
    "esbuild-netbsd-64": {
      "version": "0.15.7",
      "resolved": "https://rb-artifactory.bosch.com:443/artifactory/api/npm/npm-repo/esbuild-netbsd-64/-/esbuild-netbsd-64-0.15.7.tgz",
      "integrity": "sha1-GbLnVEnX2cMrXYoiK6wvHgw7CP0=",
      "dev": true,
      "optional": true
    },
    "esbuild-openbsd-64": {
      "version": "0.15.7",
      "resolved": "https://rb-artifactory.bosch.com:443/artifactory/api/npm/npm-repo/esbuild-openbsd-64/-/esbuild-openbsd-64-0.15.7.tgz",
      "integrity": "sha1-E1eyv3L9A32RUOdRQgof5Mhhitc=",
      "dev": true,
      "optional": true
    },
    "esbuild-sunos-64": {
      "version": "0.15.7",
      "resolved": "https://rb-artifactory.bosch.com:443/artifactory/api/npm/npm-repo/esbuild-sunos-64/-/esbuild-sunos-64-0.15.7.tgz",
      "integrity": "sha1-h6ssYEWSqcPHY+cpadoNcrzekdI=",
      "dev": true,
      "optional": true
    },
    "esbuild-windows-32": {
      "version": "0.15.7",
      "resolved": "https://rb-artifactory.bosch.com:443/artifactory/api/npm/npm-repo/esbuild-windows-32/-/esbuild-windows-32-0.15.7.tgz",
      "integrity": "sha1-yB5ojARXZlqNRjpmnlv2CHAyPpk=",
      "dev": true,
      "optional": true
    },
    "esbuild-windows-64": {
      "version": "0.15.7",
      "resolved": "https://rb-artifactory.bosch.com:443/artifactory/api/npm/npm-repo/esbuild-windows-64/-/esbuild-windows-64-0.15.7.tgz",
      "integrity": "sha1-JCHRrjSwVhqdZ2c0azgZYSZsTv8=",
      "dev": true,
      "optional": true
    },
    "esbuild-windows-arm64": {
      "version": "0.15.7",
      "resolved": "https://rb-artifactory.bosch.com:443/artifactory/api/npm/npm-repo/esbuild-windows-arm64/-/esbuild-windows-arm64-0.15.7.tgz",
      "integrity": "sha1-fV6eBgp7RUyy9X+Eo/PCPI8wt9I=",
      "dev": true,
      "optional": true
    },
    "estree-walker": {
      "version": "2.0.2",
      "resolved": "https://rb-artifactory.bosch.com:443/artifactory/api/npm/npm-repo/estree-walker/-/estree-walker-2.0.2.tgz",
      "integrity": "sha1-UvAQF4wqTBF6d1fP6UKtt9LaTKw=",
      "dev": true
    },
    "fast-glob": {
      "version": "3.2.11",
      "resolved": "https://rb-artifactory.bosch.com:443/artifactory/api/npm/npm-repo/fast-glob/-/fast-glob-3.2.11.tgz",
      "integrity": "sha1-oRcq2VzrihbiDKpcXlZIDlEpwdk=",
      "dev": true,
      "requires": {
        "@nodelib/fs.stat": "^2.0.2",
        "@nodelib/fs.walk": "^1.2.3",
        "glob-parent": "^5.1.2",
        "merge2": "^1.3.0",
        "micromatch": "^4.0.4"
      }
    },
    "fastq": {
      "version": "1.13.0",
      "resolved": "https://rb-artifactory.bosch.com:443/artifactory/api/npm/npm-repo/fastq/-/fastq-1.13.0.tgz",
      "integrity": "sha1-YWdg+Ip1Jr38WWt8q4wYk4w2uYw=",
      "dev": true,
      "requires": {
        "reusify": "^1.0.4"
      }
    },
    "fill-range": {
      "version": "7.0.1",
      "resolved": "https://rb-artifactory.bosch.com:443/artifactory/api/npm/npm-repo/fill-range/-/fill-range-7.0.1.tgz",
      "integrity": "sha1-GRmmp8df44ssfHflGYU12prN2kA=",
      "dev": true,
      "requires": {
        "to-regex-range": "^5.0.1"
      }
    },
    "fs.realpath": {
      "version": "1.0.0",
      "resolved": "https://rb-artifactory.bosch.com:443/artifactory/api/npm/npm-repo/fs.realpath/-/fs.realpath-1.0.0.tgz",
      "integrity": "sha1-FQStJSMVjKpA20onh8sBQRmU6k8=",
      "dev": true
    },
    "fsevents": {
      "version": "2.3.2",
      "resolved": "https://rb-artifactory.bosch.com:443/artifactory/api/npm/npm-repo/fsevents/-/fsevents-2.3.2.tgz",
      "integrity": "sha1-ilJveLj99GI7cJ4Ll1xSwkwC/Ro=",
      "dev": true,
      "optional": true
    },
    "function-bind": {
      "version": "1.1.1",
      "resolved": "https://rb-artifactory.bosch.com:443/artifactory/api/npm/npm-repo/function-bind/-/function-bind-1.1.1.tgz",
      "integrity": "sha1-pWiZ0+o8m6uHS7l3O3xe3pL0iV0=",
      "dev": true
    },
    "glob": {
      "version": "7.2.3",
      "resolved": "https://rb-artifactory.bosch.com:443/artifactory/api/npm/npm-repo/glob/-/glob-7.2.3.tgz",
      "integrity": "sha1-uN8PuAK7+o6JvR2Ti04WV47UTys=",
      "dev": true,
      "requires": {
        "fs.realpath": "^1.0.0",
        "inflight": "^1.0.4",
        "inherits": "2",
        "minimatch": "^3.1.1",
        "once": "^1.3.0",
        "path-is-absolute": "^1.0.0"
      }
    },
    "glob-parent": {
      "version": "5.1.2",
      "resolved": "https://rb-artifactory.bosch.com:443/artifactory/api/npm/npm-repo/glob-parent/-/glob-parent-5.1.2.tgz",
      "integrity": "sha1-hpgyxYA0/mikCTwX3BXoNA2EAcQ=",
      "dev": true,
      "requires": {
        "is-glob": "^4.0.1"
      }
    },
    "graceful-fs": {
      "version": "4.2.10",
      "resolved": "https://rb-artifactory.bosch.com:443/artifactory/api/npm/npm-repo/graceful-fs/-/graceful-fs-4.2.10.tgz",
      "integrity": "sha1-FH06AG2kyjzhRyjHrvwofDZ9emw=",
      "dev": true
    },
    "has": {
      "version": "1.0.3",
      "resolved": "https://rb-artifactory.bosch.com:443/artifactory/api/npm/npm-repo/has/-/has-1.0.3.tgz",
      "integrity": "sha1-ci18v8H2qoJB8W3YFOAR4fQeh5Y=",
      "dev": true,
      "requires": {
        "function-bind": "^1.1.1"
      }
    },
    "import-fresh": {
      "version": "3.3.0",
      "resolved": "https://rb-artifactory.bosch.com:443/artifactory/api/npm/npm-repo/import-fresh/-/import-fresh-3.3.0.tgz",
      "integrity": "sha1-NxYsJfy566oublPVtNiM4X2eDCs=",
      "dev": true,
      "requires": {
        "parent-module": "^1.0.0",
        "resolve-from": "^4.0.0"
      }
    },
    "inflight": {
      "version": "1.0.6",
      "resolved": "https://rb-artifactory.bosch.com:443/artifactory/api/npm/npm-repo/inflight/-/inflight-1.0.6.tgz",
      "integrity": "sha1-Sb1jMdfQLQwJvJEKEHW6gWW1bfk=",
      "dev": true,
      "requires": {
        "once": "^1.3.0",
        "wrappy": "1"
      }
    },
    "inherits": {
      "version": "2.0.4",
      "resolved": "https://rb-artifactory.bosch.com:443/artifactory/api/npm/npm-repo/inherits/-/inherits-2.0.4.tgz",
      "integrity": "sha1-D6LGT5MpF8NDOg3tVTY6rjdBa3w=",
      "dev": true
    },
    "is-binary-path": {
      "version": "2.1.0",
      "resolved": "https://rb-artifactory.bosch.com:443/artifactory/api/npm/npm-repo/is-binary-path/-/is-binary-path-2.1.0.tgz",
      "integrity": "sha1-6h9/O4DwZCNug0cPhsCcJU+0Wwk=",
      "dev": true,
      "requires": {
        "binary-extensions": "^2.0.0"
      }
    },
    "is-core-module": {
      "version": "2.10.0",
      "resolved": "https://rb-artifactory.bosch.com:443/artifactory/api/npm/npm-repo/is-core-module/-/is-core-module-2.10.0.tgz",
      "integrity": "sha1-kBLt4KkcaVh+ZHUU4dUncBnnKO0=",
      "dev": true,
      "requires": {
        "has": "^1.0.3"
      }
    },
    "is-extglob": {
      "version": "2.1.1",
      "resolved": "https://rb-artifactory.bosch.com:443/artifactory/api/npm/npm-repo/is-extglob/-/is-extglob-2.1.1.tgz",
      "integrity": "sha1-qIwCU1eR8C7TfHahueqXc8gz+MI=",
      "dev": true
    },
    "is-glob": {
      "version": "4.0.3",
      "resolved": "https://rb-artifactory.bosch.com:443/artifactory/api/npm/npm-repo/is-glob/-/is-glob-4.0.3.tgz",
      "integrity": "sha1-ZPYeQsu7LuwgcanawLKLoeZdUIQ=",
      "dev": true,
      "requires": {
        "is-extglob": "^2.1.1"
      }
    },
    "is-number": {
      "version": "7.0.0",
      "resolved": "https://rb-artifactory.bosch.com:443/artifactory/api/npm/npm-repo/is-number/-/is-number-7.0.0.tgz",
      "integrity": "sha1-dTU0W4lnNNX4DE0GxQlVUnoU8Ss=",
      "dev": true
    },
    "kleur": {
      "version": "4.1.5",
      "resolved": "https://rb-artifactory.bosch.com:443/artifactory/api/npm/npm-repo/kleur/-/kleur-4.1.5.tgz",
      "integrity": "sha1-lRBhAXlfcFDGxlDzUMaD/r3bF4A=",
      "dev": true
    },
    "lower-case": {
      "version": "2.0.2",
      "resolved": "https://rb-artifactory.bosch.com:443/artifactory/api/npm/npm-repo/lower-case/-/lower-case-2.0.2.tgz",
      "integrity": "sha1-b6I3xj29xKgsoP2ILkci3F5jTig=",
      "requires": {
        "tslib": "^2.0.3"
      }
    },
    "magic-string": {
      "version": "0.26.3",
      "resolved": "https://rb-artifactory.bosch.com:443/artifactory/api/npm/npm-repo/magic-string/-/magic-string-0.26.3.tgz",
      "integrity": "sha1-JYQLh1FA97R4WrBr3cOEJwt91FI=",
      "dev": true,
      "requires": {
        "sourcemap-codec": "^1.4.8"
      }
    },
    "merge2": {
      "version": "1.4.1",
      "resolved": "https://rb-artifactory.bosch.com:443/artifactory/api/npm/npm-repo/merge2/-/merge2-1.4.1.tgz",
      "integrity": "sha1-Q2iJL4hekHRVpv19xVwMnUBJkK4=",
      "dev": true
    },
    "micromatch": {
      "version": "4.0.5",
      "resolved": "https://rb-artifactory.bosch.com:443/artifactory/api/npm/npm-repo/micromatch/-/micromatch-4.0.5.tgz",
      "integrity": "sha1-vImZp8u/d83InxMvbkZwUbSQkMY=",
      "dev": true,
      "requires": {
        "braces": "^3.0.2",
        "picomatch": "^2.3.1"
      }
    },
    "min-indent": {
      "version": "1.0.1",
      "resolved": "https://rb-artifactory.bosch.com:443/artifactory/api/npm/npm-repo/min-indent/-/min-indent-1.0.1.tgz",
      "integrity": "sha1-pj9oFnOzBXH76LwlaGrnRu76mGk=",
      "dev": true
    },
    "minimatch": {
      "version": "3.1.2",
      "resolved": "https://rb-artifactory.bosch.com:443/artifactory/api/npm/npm-repo/minimatch/-/minimatch-3.1.2.tgz",
      "integrity": "sha1-Gc0ZS/0+Qo8EmnCBfAONiatL41s=",
      "dev": true,
      "requires": {
        "brace-expansion": "^1.1.7"
      }
    },
    "minimist": {
      "version": "1.2.6",
      "resolved": "https://rb-artifactory.bosch.com:443/artifactory/api/npm/npm-repo/minimist/-/minimist-1.2.6.tgz",
      "integrity": "sha1-hjelt1nqDW6YcCz7OpKDMjyTr0Q=",
      "dev": true
    },
    "mkdirp": {
      "version": "0.5.6",
      "resolved": "https://rb-artifactory.bosch.com:443/artifactory/api/npm/npm-repo/mkdirp/-/mkdirp-0.5.6.tgz",
      "integrity": "sha1-fe8D0kMtyuS6HWEURcSDlgYiVfY=",
      "dev": true,
      "requires": {
        "minimist": "^1.2.6"
      }
    },
    "mri": {
      "version": "1.2.0",
      "resolved": "https://rb-artifactory.bosch.com:443/artifactory/api/npm/npm-repo/mri/-/mri-1.2.0.tgz",
      "integrity": "sha1-ZyFID+wqEaSImGERWki2y+fMjws=",
      "dev": true
    },
    "ms": {
      "version": "2.1.2",
      "resolved": "https://rb-artifactory.bosch.com:443/artifactory/api/npm/npm-repo/ms/-/ms-2.1.2.tgz",
      "integrity": "sha1-0J0fNXtEP0kzgqjrPM0YOHKuYAk=",
      "dev": true
    },
    "nanoid": {
      "version": "3.3.4",
      "resolved": "https://rb-artifactory.bosch.com:443/artifactory/api/npm/npm-repo/nanoid/-/nanoid-3.3.4.tgz",
      "integrity": "sha1-cwtn480J4t6s8DwCfIHJ2dvF6Ks=",
      "dev": true
    },
    "no-case": {
      "version": "3.0.4",
      "resolved": "https://rb-artifactory.bosch.com:443/artifactory/api/npm/npm-repo/no-case/-/no-case-3.0.4.tgz",
      "integrity": "sha1-02H9XJgA9VhVGoNp/A3NRmK2Ek0=",
      "requires": {
        "lower-case": "^2.0.2",
        "tslib": "^2.0.3"
      }
    },
    "normalize-path": {
      "version": "3.0.0",
      "resolved": "https://rb-artifactory.bosch.com:443/artifactory/api/npm/npm-repo/normalize-path/-/normalize-path-3.0.0.tgz",
      "integrity": "sha1-Dc1p/yOhybEf0JeDFmRKA4ghamU=",
      "dev": true
    },
    "once": {
      "version": "1.4.0",
      "resolved": "https://rb-artifactory.bosch.com:443/artifactory/api/npm/npm-repo/once/-/once-1.4.0.tgz",
      "integrity": "sha1-WDsap3WWHUsROsF9nFC6753Xa9E=",
      "dev": true,
      "requires": {
        "wrappy": "1"
      }
    },
    "parent-module": {
      "version": "1.0.1",
      "resolved": "https://rb-artifactory.bosch.com:443/artifactory/api/npm/npm-repo/parent-module/-/parent-module-1.0.1.tgz",
      "integrity": "sha1-aR0nCeeMefrjoVZiJFLQB2LKqqI=",
      "dev": true,
      "requires": {
        "callsites": "^3.0.0"
      }
    },
    "pascal-case": {
      "version": "3.1.2",
      "resolved": "https://rb-artifactory.bosch.com:443/artifactory/api/npm/npm-repo/pascal-case/-/pascal-case-3.1.2.tgz",
      "integrity": "sha1-tI4O8rmOIF58Ha50fQsVCCN2YOs=",
      "requires": {
        "no-case": "^3.0.4",
        "tslib": "^2.0.3"
      }
    },
    "path-is-absolute": {
      "version": "1.0.1",
      "resolved": "https://rb-artifactory.bosch.com:443/artifactory/api/npm/npm-repo/path-is-absolute/-/path-is-absolute-1.0.1.tgz",
      "integrity": "sha1-F0uSaHNVNP+8es5r9TpanhtcX18=",
      "dev": true
    },
    "path-parse": {
      "version": "1.0.7",
      "resolved": "https://rb-artifactory.bosch.com:443/artifactory/api/npm/npm-repo/path-parse/-/path-parse-1.0.7.tgz",
      "integrity": "sha1-+8EUtgykKzDZ2vWFjkvWi77bZzU=",
      "dev": true
    },
    "picocolors": {
      "version": "1.0.0",
      "resolved": "https://rb-artifactory.bosch.com:443/artifactory/api/npm/npm-repo/picocolors/-/picocolors-1.0.0.tgz",
      "integrity": "sha1-y1vcdP8/UYkiNur3nWi8RFZKuBw=",
      "dev": true
    },
    "picomatch": {
      "version": "2.3.1",
      "resolved": "https://rb-artifactory.bosch.com:443/artifactory/api/npm/npm-repo/picomatch/-/picomatch-2.3.1.tgz",
      "integrity": "sha1-O6ODNzNkbZ0+SZWUbBNlpn+wekI=",
      "dev": true
    },
    "postcss": {
      "version": "8.4.16",
      "resolved": "https://rb-artifactory.bosch.com:443/artifactory/api/npm/npm-repo/postcss/-/postcss-8.4.16.tgz",
      "integrity": "sha1-M6HWdfrDmUH19EXbDeTbK24B1Dw=",
      "dev": true,
      "requires": {
        "nanoid": "^3.3.4",
        "picocolors": "^1.0.0",
        "source-map-js": "^1.0.2"
      }
    },
    "queue-microtask": {
      "version": "1.2.3",
      "resolved": "https://rb-artifactory.bosch.com:443/artifactory/api/npm/npm-repo/queue-microtask/-/queue-microtask-1.2.3.tgz",
      "integrity": "sha1-SSkii7xyTfrEPg77BYyve2z7YkM=",
      "dev": true
    },
    "readdirp": {
      "version": "3.6.0",
      "resolved": "https://rb-artifactory.bosch.com:443/artifactory/api/npm/npm-repo/readdirp/-/readdirp-3.6.0.tgz",
      "integrity": "sha1-dKNwvYVxFuJFspzJc0DNQxoCpsc=",
      "dev": true,
      "requires": {
        "picomatch": "^2.2.1"
      }
    },
    "resolve": {
      "version": "1.22.1",
      "resolved": "https://rb-artifactory.bosch.com:443/artifactory/api/npm/npm-repo/resolve/-/resolve-1.22.1.tgz",
      "integrity": "sha1-J8suu1P5GrtJRwqSi7p1WAZqwXc=",
      "dev": true,
      "requires": {
        "is-core-module": "^2.9.0",
        "path-parse": "^1.0.7",
        "supports-preserve-symlinks-flag": "^1.0.0"
      }
    },
    "resolve-from": {
      "version": "4.0.0",
      "resolved": "https://rb-artifactory.bosch.com:443/artifactory/api/npm/npm-repo/resolve-from/-/resolve-from-4.0.0.tgz",
      "integrity": "sha1-SrzYUq0y3Xuqv+m0DgCjbbXzkuY=",
      "dev": true
    },
    "reusify": {
      "version": "1.0.4",
      "resolved": "https://rb-artifactory.bosch.com:443/artifactory/api/npm/npm-repo/reusify/-/reusify-1.0.4.tgz",
      "integrity": "sha1-kNo4Kx4SbvwCFG6QhFqI2xKSXXY=",
      "dev": true
    },
    "rimraf": {
      "version": "2.7.1",
      "resolved": "https://rb-artifactory.bosch.com:443/artifactory/api/npm/npm-repo/rimraf/-/rimraf-2.7.1.tgz",
      "integrity": "sha1-NXl/E6f9rcVmFCwp1PB8ytSD4+w=",
      "dev": true,
      "requires": {
        "glob": "^7.1.3"
      }
    },
    "rollup": {
      "version": "2.78.1",
      "resolved": "https://rb-artifactory.bosch.com:443/artifactory/api/npm/npm-repo/rollup/-/rollup-2.78.1.tgz",
      "integrity": "sha1-Uv45NNnIPLT3xMtft12IWRvoZI8=",
      "dev": true,
      "requires": {
        "fsevents": "~2.3.2"
      }
    },
    "run-parallel": {
      "version": "1.2.0",
      "resolved": "https://rb-artifactory.bosch.com:443/artifactory/api/npm/npm-repo/run-parallel/-/run-parallel-1.2.0.tgz",
      "integrity": "sha1-ZtE2jae9+SHrnZW9GpIp5/IaQ+4=",
      "dev": true,
      "requires": {
        "queue-microtask": "^1.2.2"
      }
    },
    "sade": {
      "version": "1.8.1",
      "resolved": "https://rb-artifactory.bosch.com:443/artifactory/api/npm/npm-repo/sade/-/sade-1.8.1.tgz",
      "integrity": "sha1-CnjoHWWNOUiHvlfSpAm/cDo7JwE=",
      "dev": true,
      "requires": {
        "mri": "^1.1.0"
      }
    },
    "sander": {
      "version": "0.5.1",
      "resolved": "https://rb-artifactory.bosch.com:443/artifactory/api/npm/npm-repo/sander/-/sander-0.5.1.tgz",
      "integrity": "sha1-dB4kXiMfB8r7b98PEzrfohalAq0=",
      "dev": true,
      "requires": {
        "es6-promise": "^3.1.2",
        "graceful-fs": "^4.1.3",
        "mkdirp": "^0.5.1",
        "rimraf": "^2.5.2"
      }
    },
    "sorcery": {
      "version": "0.10.0",
      "resolved": "https://rb-artifactory.bosch.com:443/artifactory/api/npm/npm-repo/sorcery/-/sorcery-0.10.0.tgz",
      "integrity": "sha1-iukK19fLBfxZ8asMY3hF1cFaUrc=",
      "dev": true,
      "requires": {
        "buffer-crc32": "^0.2.5",
        "minimist": "^1.2.0",
        "sander": "^0.5.0",
        "sourcemap-codec": "^1.3.0"
      }
    },
    "source-map-js": {
      "version": "1.0.2",
      "resolved": "https://rb-artifactory.bosch.com:443/artifactory/api/npm/npm-repo/source-map-js/-/source-map-js-1.0.2.tgz",
      "integrity": "sha1-rbw2HZxi3zgBJefxYfccgm8eSQw=",
      "dev": true
    },
    "sourcemap-codec": {
      "version": "1.4.8",
      "resolved": "https://rb-artifactory.bosch.com:443/artifactory/api/npm/npm-repo/sourcemap-codec/-/sourcemap-codec-1.4.8.tgz",
      "integrity": "sha1-6oBL2UhXQC5pktBaOO8a41qatMQ=",
      "dev": true
    },
    "strip-indent": {
      "version": "3.0.0",
      "resolved": "https://rb-artifactory.bosch.com:443/artifactory/api/npm/npm-repo/strip-indent/-/strip-indent-3.0.0.tgz",
      "integrity": "sha1-wy4c7pQLazQyx3G8LFS8znPNMAE=",
      "dev": true,
      "requires": {
        "min-indent": "^1.0.0"
      }
    },
    "supports-preserve-symlinks-flag": {
      "version": "1.0.0",
      "resolved": "https://rb-artifactory.bosch.com:443/artifactory/api/npm/npm-repo/supports-preserve-symlinks-flag/-/supports-preserve-symlinks-flag-1.0.0.tgz",
      "integrity": "sha1-btpL00SjyUrqN21MwxvHcxEDngk=",
      "dev": true
    },
    "svelte": {
      "version": "3.50.0",
      "resolved": "https://rb-artifactory.bosch.com:443/artifactory/api/npm/npm-repo/svelte/-/svelte-3.50.0.tgz",
      "integrity": "sha1-0Rp6a9HghOwFHVUQSpr4vM9URh8=",
      "dev": true
    },
    "svelte-check": {
      "version": "2.9.0",
      "resolved": "https://rb-artifactory.bosch.com:443/artifactory/api/npm/npm-repo/svelte-check/-/svelte-check-2.9.0.tgz",
      "integrity": "sha1-lKS75bzK3lqe2umH9BcECrevSio=",
      "dev": true,
      "requires": {
        "@jridgewell/trace-mapping": "^0.3.9",
        "chokidar": "^3.4.1",
        "fast-glob": "^3.2.7",
        "import-fresh": "^3.2.1",
        "picocolors": "^1.0.0",
        "sade": "^1.7.4",
        "svelte-preprocess": "^4.0.0",
        "typescript": "*"
      }
    },
    "svelte-hmr": {
      "version": "0.14.12",
      "resolved": "https://rb-artifactory.bosch.com:443/artifactory/api/npm/npm-repo/svelte-hmr/-/svelte-hmr-0.14.12.tgz",
      "integrity": "sha1-oSeuwC8YllALEBSLLU0h3d45lz8=",
      "dev": true
    },
    "svelte-navigator": {
      "version": "3.2.2",
      "resolved": "https://rb-artifactory.bosch.com:443/artifactory/api/npm/npm-repo/svelte-navigator/-/svelte-navigator-3.2.2.tgz",
      "integrity": "sha1-QVbCOIIm58Qrdmyk3vY0ROxYqNI=",
      "requires": {
        "svelte2tsx": "^0.1.151"
      }
    },
    "svelte-preprocess": {
      "version": "4.10.7",
      "resolved": "https://rb-artifactory.bosch.com:443/artifactory/api/npm/npm-repo/svelte-preprocess/-/svelte-preprocess-4.10.7.tgz",
      "integrity": "sha1-NibeRy9R/+IMm8ce/1o9pmeXw2I=",
      "dev": true,
      "requires": {
        "@types/pug": "^2.0.4",
        "@types/sass": "^1.16.0",
        "detect-indent": "^6.0.0",
        "magic-string": "^0.25.7",
        "sorcery": "^0.10.0",
        "strip-indent": "^3.0.0"
      },
      "dependencies": {
        "magic-string": {
          "version": "0.25.9",
          "resolved": "https://rb-artifactory.bosch.com:443/artifactory/api/npm/npm-repo/magic-string/-/magic-string-0.25.9.tgz",
          "integrity": "sha1-3n+fr5HvihyR0CwuUxTIJ3283Rw=",
          "dev": true,
          "requires": {
            "sourcemap-codec": "^1.4.8"
          }
        }
      }
    },
    "svelte2tsx": {
      "version": "0.1.193",
      "resolved": "https://rb-artifactory.bosch.com:443/artifactory/api/npm/npm-repo/svelte2tsx/-/svelte2tsx-0.1.193.tgz",
      "integrity": "sha1-Fv5ZSJjvRV5PcVrDF9IZycdXZWs=",
      "requires": {
        "dedent-js": "^1.0.1",
        "pascal-case": "^3.1.1"
      }
    },
    "to-regex-range": {
      "version": "5.0.1",
      "resolved": "https://rb-artifactory.bosch.com:443/artifactory/api/npm/npm-repo/to-regex-range/-/to-regex-range-5.0.1.tgz",
      "integrity": "sha1-FkjESq58jZiKMmAY7XL1tN0DkuQ=",
      "dev": true,
      "requires": {
        "is-number": "^7.0.0"
      }
    },
    "tslib": {
      "version": "2.4.0",
      "resolved": "https://rb-artifactory.bosch.com:443/artifactory/api/npm/npm-repo/tslib/-/tslib-2.4.0.tgz",
      "integrity": "sha1-fOyqfwc85oCgWEeqd76UEJjzbcM="
    },
    "typescript": {
      "version": "4.8.3",
      "resolved": "https://rb-artifactory.bosch.com:443/artifactory/api/npm/npm-repo/typescript/-/typescript-4.8.3.tgz",
      "integrity": "sha1-1ZNEUixLxGSmWnMKxpUAf9tm3Yg=",
      "dev": true
    },
    "vite": {
      "version": "3.1.0",
      "resolved": "https://rb-artifactory.bosch.com:443/artifactory/api/npm/npm-repo/vite/-/vite-3.1.0.tgz",
      "integrity": "sha1-MTiyeQcpQdV+drz39m8nL8ahf+I=",
      "dev": true,
      "requires": {
        "esbuild": "^0.15.6",
        "fsevents": "~2.3.2",
        "postcss": "^8.4.16",
        "resolve": "^1.22.1",
        "rollup": "~2.78.0"
      }
    },
    "wrappy": {
      "version": "1.0.2",
      "resolved": "https://rb-artifactory.bosch.com:443/artifactory/api/npm/npm-repo/wrappy/-/wrappy-1.0.2.tgz",
      "integrity": "sha1-tSQ9jz7BqjXxNkYFvA0QNuMKtp8=",
      "dev": true
    }
  }
}
